
Microsoft Visual Studio Solution File, Format Version 12.00
# Visual Studio Version 16
VisualStudioVersion = 16.0.32228.343
MinimumVisualStudioVersion = 10.0.40219.1
Project("{FAE04EC0-301F-11D3-BF4B-00C04F79EFBC}") = "SportsLeague", "SportsLeague.csproj", "{2B71D64E-CE4C-4E7F-B35C-BA4A9D3AABA8}"
EndProject
Global
	GlobalSection(SolutionConfigurationPlatforms) = preSolution
		Debug|Any CPU = Debug|Any CPU
		Release|Any CPU = Release|Any CPU
	EndGlobalSection
	GlobalSection(ProjectConfigurationPlatforms) = postSolution
		{2B71D64E-CE4C-4E7F-B35C-BA4A9D3AABA8}.Debug|Any CPU.ActiveCfg = Debug|Any CPU
		{2B71D64E-CE4C-4E7F-B35C-BA4A9D3AABA8}.Debug|Any CPU.Build.0 = Debug|Any CPU
		{2B71D64E-CE4C-4E7F-B35C-BA4A9D3AABA8}.Release|Any CPU.ActiveCfg = Release|Any CPU
		{2B71D64E-CE4C-4E7F-B35C-BA4A9D3AABA8}.Release|Any CPU.Build.0 = Release|Any CPU
	EndGlobalSection
	GlobalSection(SolutionProperties) = preSolution
		HideSolutionNode = FALSE
	EndGlobalSection
	GlobalSection(ExtensibilityGlobals) = postSolution
		SolutionGuid = {C6BF21FE-3FD2-41E1-B912-1D9899FFEAAC}
	EndGlobalSection
EndGlobal
